
Microsoft Visual Studio Solution File, Format Version 12.00
# Visual Studio Version 16
VisualStudioVersion = 16.0.28803.452
MinimumVisualStudioVersion = 10.0.40219.1
Project("{FAE04EC0-301F-11D3-BF4B-00C04F79EFBC}") = "lab04", "lab04\lab04.csproj", "{4114C41C-F450-48A1-93AE-017FE467E773}"
EndProject
Global
	GlobalSection(SolutionConfigurationPlatforms) = preSolution
		Debug|Any CPU = Debug|Any CPU
		Release|Any CPU = Release|Any CPU
	EndGlobalSection
	GlobalSection(ProjectConfigurationPlatforms) = postSolution
		{4114C41C-F450-48A1-93AE-017FE467E773}.Debug|Any CPU.ActiveCfg = Debug|Any CPU
		{4114C41C-F450-48A1-93AE-017FE467E773}.Debug|Any CPU.Build.0 = Debug|Any CPU
		{4114C41C-F450-48A1-93AE-017FE467E773}.Release|Any CPU.ActiveCfg = Release|Any CPU
		{4114C41C-F450-48A1-93AE-017FE467E773}.Release|Any CPU.Build.0 = Release|Any CPU
	EndGlobalSection
	GlobalSection(SolutionProperties) = preSolution
		HideSolutionNode = FALSE
	EndGlobalSection
	GlobalSection(ExtensibilityGlobals) = postSolution
		SolutionGuid = {F68911E0-9731-4CF4-BF69-1999BBE9EA33}
	EndGlobalSection
EndGlobal
